
Microsoft Visual Studio Solution File, Format Version 12.00
Project("{FAE04EC0-301F-11D3-BF4B-00C04F79EFBC}") = "eShopSolution.WebApp", "eShopSolution.WebApp\eShopSolution.WebApp.csproj", "{ECAE8D4C-AE4F-4C18-8B7E-291594CF1C12}"
EndProject
Project("{FAE04EC0-301F-11D3-BF4B-00C04F79EFBC}") = "eShopSolution.Data", "eShopSolution.Data\eShopSolution.Data.csproj", "{49DE6B4A-91B9-4D64-B2E9-46E27BB7F96A}"
EndProject
Project("{FAE04EC0-301F-11D3-BF4B-00C04F79EFBC}") = "eShopSolution.Application", "eShopSolution.Application\eShopSolution.Application.csproj", "{0F2DC475-B8A8-4D22-BDD5-76A2C905841D}"
EndProject
Global
	GlobalSection(SolutionConfigurationPlatforms) = preSolution
		Debug|Any CPU = Debug|Any CPU
		Release|Any CPU = Release|Any CPU
	EndGlobalSection
	GlobalSection(ProjectConfigurationPlatforms) = postSolution
		{ECAE8D4C-AE4F-4C18-8B7E-291594CF1C12}.Debug|Any CPU.ActiveCfg = Debug|Any CPU
		{ECAE8D4C-AE4F-4C18-8B7E-291594CF1C12}.Debug|Any CPU.Build.0 = Debug|Any CPU
		{ECAE8D4C-AE4F-4C18-8B7E-291594CF1C12}.Release|Any CPU.ActiveCfg = Release|Any CPU
		{ECAE8D4C-AE4F-4C18-8B7E-291594CF1C12}.Release|Any CPU.Build.0 = Release|Any CPU
		{49DE6B4A-91B9-4D64-B2E9-46E27BB7F96A}.Debug|Any CPU.ActiveCfg = Debug|Any CPU
		{49DE6B4A-91B9-4D64-B2E9-46E27BB7F96A}.Debug|Any CPU.Build.0 = Debug|Any CPU
		{49DE6B4A-91B9-4D64-B2E9-46E27BB7F96A}.Release|Any CPU.ActiveCfg = Release|Any CPU
		{49DE6B4A-91B9-4D64-B2E9-46E27BB7F96A}.Release|Any CPU.Build.0 = Release|Any CPU
		{0F2DC475-B8A8-4D22-BDD5-76A2C905841D}.Debug|Any CPU.ActiveCfg = Debug|Any CPU
		{0F2DC475-B8A8-4D22-BDD5-76A2C905841D}.Debug|Any CPU.Build.0 = Debug|Any CPU
		{0F2DC475-B8A8-4D22-BDD5-76A2C905841D}.Release|Any CPU.ActiveCfg = Release|Any CPU
		{0F2DC475-B8A8-4D22-BDD5-76A2C905841D}.Release|Any CPU.Build.0 = Release|Any CPU
	EndGlobalSection
EndGlobal
